
Microsoft Visual Studio Solution File, Format Version 12.00
# Visual Studio Version 17
VisualStudioVersion = 17.13.35931.197 d17.13
MinimumVisualStudioVersion = 10.0.40219.1
Project("{FAE04EC0-301F-11D3-BF4B-00C04F79EFBC}") = "Fake emailing", "Fake emailing\Fake emailing.csproj", "{F5F25ED3-599F-4FDC-9165-F4E57790A4F3}"
EndProject
Global
	GlobalSection(SolutionConfigurationPlatforms) = preSolution
		Debug|Any CPU = Debug|Any CPU
		Release|Any CPU = Release|Any CPU
	EndGlobalSection
	GlobalSection(ProjectConfigurationPlatforms) = postSolution
		{F5F25ED3-599F-4FDC-9165-F4E57790A4F3}.Debug|Any CPU.ActiveCfg = Debug|Any CPU
		{F5F25ED3-599F-4FDC-9165-F4E57790A4F3}.Debug|Any CPU.Build.0 = Debug|Any CPU
		{F5F25ED3-599F-4FDC-9165-F4E57790A4F3}.Release|Any CPU.ActiveCfg = Release|Any CPU
		{F5F25ED3-599F-4FDC-9165-F4E57790A4F3}.Release|Any CPU.Build.0 = Release|Any CPU
	EndGlobalSection
	GlobalSection(SolutionProperties) = preSolution
		HideSolutionNode = FALSE
	EndGlobalSection
	GlobalSection(ExtensibilityGlobals) = postSolution
		SolutionGuid = {A945C97A-532E-46CB-8F8E-688B3C9EE88E}
	EndGlobalSection
EndGlobal
